{
    "name": "payjoin-smoke",
    "version": "0.0.0",
    "lockfileVersion": 3,
    "requires": true,
    "packages": {
        "": {
            "name": "payjoin-smoke",
            "version": "0.0.0",
            "dependencies": {
                "payjoin": "file:./pkg/payjoin.tgz"
            }
        },
        "node_modules/@ubjs/core": {
            "version": "0.31.0-6",
            "resolved": "https://registry.npmjs.org/@ubjs/core/-/core-0.31.0-6.tgz",
            "integrity": "sha512-pscv6Zj8mVmd5+ikb1Zr6XZ0yqYwKGeIV8HU8rf9sTvs7GW34OARAp03xFJ7rE9XE4R6LgwQhzYW9knAuz5yxA==",
            "license": "MPL-2.0"
        },
        "node_modules/payjoin": {
            "version": "0.3.0",
            "resolved": "file:pkg/payjoin.tgz",
            "dependencies": {
                "@ubjs/core": "^0.31.0-3",
                "uniffi-bindgen-react-native": "github:spacebear21/uniffi-bindgen-react-native#d10f04d83299"
            }
        },
        "node_modules/uniffi-bindgen-react-native": {
            "version": "0.31.0-3",
            "resolved": "git+ssh://git@github.com/spacebear21/uniffi-bindgen-react-native.git#d10f04d83299688d1ed7427841e2c8348a64e4a3",
            "license": "MPL-2.0",
            "bin": {
                "ubrn": "bin/cli.cjs",
                "uniffi-bindgen-react-native": "bin/cli.cjs"
            }
        }
    }
}
